
Microsoft Visual Studio Solution File, Format Version 12.00
# Visual Studio Version 17
VisualStudioVersion = 17.6.33815.320
MinimumVisualStudioVersion = 10.0.40219.1
Project("{9A19103F-16F7-4668-BE54-9A1E7A4F7556}") = "Polly.Data", "core\Polly.Data\Polly.Data.csproj", "{653341ED-314B-4C22-9143-F502D033BFC5}"
EndProject
Project("{9A19103F-16F7-4668-BE54-9A1E7A4F7556}") = "Polly.Console", "Polly.Console\Polly.Console.csproj", "{0AAA899F-4434-4513-9C39-9C08580596F7}"
EndProject
Project("{9A19103F-16F7-4668-BE54-9A1E7A4F7556}") = "Polly.Domain", "Polly.Domain\Polly.Domain.csproj", "{91FC8EEE-2644-4891-9878-703E6D5C9550}"
EndProject
Project("{9A19103F-16F7-4668-BE54-9A1E7A4F7556}") = "Nick.RobotsParser", "..\RobotsParser\Nick.RobotsParser\Nick.RobotsParser.csproj", "{6B210744-B530-4421-A79B-55D46ED8936F}"
EndProject
Global
	GlobalSection(SolutionConfigurationPlatforms) = preSolution
		Debug|Any CPU = Debug|Any CPU
		Release|Any CPU = Release|Any CPU
	EndGlobalSection
	GlobalSection(ProjectConfigurationPlatforms) = postSolution
		{653341ED-314B-4C22-9143-F502D033BFC5}.Debug|Any CPU.ActiveCfg = Debug|Any CPU
		{653341ED-314B-4C22-9143-F502D033BFC5}.Debug|Any CPU.Build.0 = Debug|Any CPU
		{653341ED-314B-4C22-9143-F502D033BFC5}.Release|Any CPU.ActiveCfg = Release|Any CPU
		{653341ED-314B-4C22-9143-F502D033BFC5}.Release|Any CPU.Build.0 = Release|Any CPU
		{0AAA899F-4434-4513-9C39-9C08580596F7}.Debug|Any CPU.ActiveCfg = Debug|Any CPU
		{0AAA899F-4434-4513-9C39-9C08580596F7}.Debug|Any CPU.Build.0 = Debug|Any CPU
		{0AAA899F-4434-4513-9C39-9C08580596F7}.Release|Any CPU.ActiveCfg = Release|Any CPU
		{0AAA899F-4434-4513-9C39-9C08580596F7}.Release|Any CPU.Build.0 = Release|Any CPU
		{91FC8EEE-2644-4891-9878-703E6D5C9550}.Debug|Any CPU.ActiveCfg = Debug|Any CPU
		{91FC8EEE-2644-4891-9878-703E6D5C9550}.Debug|Any CPU.Build.0 = Debug|Any CPU
		{91FC8EEE-2644-4891-9878-703E6D5C9550}.Release|Any CPU.ActiveCfg = Release|Any CPU
		{91FC8EEE-2644-4891-9878-703E6D5C9550}.Release|Any CPU.Build.0 = Release|Any CPU
		{6B210744-B530-4421-A79B-55D46ED8936F}.Debug|Any CPU.ActiveCfg = Debug|Any CPU
		{6B210744-B530-4421-A79B-55D46ED8936F}.Debug|Any CPU.Build.0 = Debug|Any CPU
		{6B210744-B530-4421-A79B-55D46ED8936F}.Release|Any CPU.ActiveCfg = Release|Any CPU
		{6B210744-B530-4421-A79B-55D46ED8936F}.Release|Any CPU.Build.0 = Release|Any CPU
	EndGlobalSection
	GlobalSection(SolutionProperties) = preSolution
		HideSolutionNode = FALSE
	EndGlobalSection
	GlobalSection(ExtensibilityGlobals) = postSolution
		SolutionGuid = {76241D3B-F56F-47EC-A6EF-6A8E7A21A44C}
	EndGlobalSection
EndGlobal
