
Microsoft Visual Studio Solution File, Format Version 12.00
# Visual Studio 15
VisualStudioVersion = 15.0.27428.2011
MinimumVisualStudioVersion = 10.0.40219.1
Project("{FAE04EC0-301F-11D3-BF4B-00C04F79EFBC}") = "Polly.Data", "Polly.Data\Polly.Data.csproj", "{DFBDFF1C-89F7-49BD-87D3-23BC33B2E2BF}"
EndProject
Project("{FAE04EC0-301F-11D3-BF4B-00C04F79EFBC}") = "Poly.Admin", "Poly.Admin\Poly.Admin.csproj", "{E4155058-3D48-4223-B5A7-7D97C20526AA}"
EndProject
Project("{FAE04EC0-301F-11D3-BF4B-00C04F79EFBC}") = "Poly.Admin.Tests", "Poly.Admin.Tests\Poly.Admin.Tests.csproj", "{3ADCF43E-FD44-44BD-86BE-B46D1A163046}"
EndProject
Global
	GlobalSection(SolutionConfigurationPlatforms) = preSolution
		Debug|Any CPU = Debug|Any CPU
		Release|Any CPU = Release|Any CPU
	EndGlobalSection
	GlobalSection(ProjectConfigurationPlatforms) = postSolution
		{DFBDFF1C-89F7-49BD-87D3-23BC33B2E2BF}.Debug|Any CPU.ActiveCfg = Debug|Any CPU
		{DFBDFF1C-89F7-49BD-87D3-23BC33B2E2BF}.Debug|Any CPU.Build.0 = Debug|Any CPU
		{DFBDFF1C-89F7-49BD-87D3-23BC33B2E2BF}.Release|Any CPU.ActiveCfg = Release|Any CPU
		{DFBDFF1C-89F7-49BD-87D3-23BC33B2E2BF}.Release|Any CPU.Build.0 = Release|Any CPU
		{E4155058-3D48-4223-B5A7-7D97C20526AA}.Debug|Any CPU.ActiveCfg = Debug|Any CPU
		{E4155058-3D48-4223-B5A7-7D97C20526AA}.Debug|Any CPU.Build.0 = Debug|Any CPU
		{E4155058-3D48-4223-B5A7-7D97C20526AA}.Release|Any CPU.ActiveCfg = Release|Any CPU
		{E4155058-3D48-4223-B5A7-7D97C20526AA}.Release|Any CPU.Build.0 = Release|Any CPU
		{3ADCF43E-FD44-44BD-86BE-B46D1A163046}.Debug|Any CPU.ActiveCfg = Debug|Any CPU
		{3ADCF43E-FD44-44BD-86BE-B46D1A163046}.Debug|Any CPU.Build.0 = Debug|Any CPU
		{3ADCF43E-FD44-44BD-86BE-B46D1A163046}.Release|Any CPU.ActiveCfg = Release|Any CPU
		{3ADCF43E-FD44-44BD-86BE-B46D1A163046}.Release|Any CPU.Build.0 = Release|Any CPU
	EndGlobalSection
	GlobalSection(SolutionProperties) = preSolution
		HideSolutionNode = FALSE
	EndGlobalSection
	GlobalSection(ExtensibilityGlobals) = postSolution
		SolutionGuid = {76241D3B-F56F-47EC-A6EF-6A8E7A21A44C}
	EndGlobalSection
EndGlobal
